// !$*UTF8*$!
{
	archiveVersion = 1;
	classes = {
	};
	objectVersion = 56;
	objects = {

/* Begin PBXBuildFile section */
		0A000001291F0001000A0001 /* LM_GLSLApp.swift in Sources */ = {isa = PBXBuildFile; fileRef = 0A000002291F0001000A0001 /* LM_GLSLApp.swift */; };
		0A000003291F0001000A0002 /* ContentView.swift in Sources */ = {isa = PBXBuildFile; fileRef = 0A000004291F0001000A0002 /* ContentView.swift */; };
		0A000005291F0001000A0003 /* ShaderPreviewView.swift in Sources */ = {isa = PBXBuildFile; fileRef = 0A000006291F0001000A0003 /* ShaderPreviewView.swift */; };
		0A000007291F0001000A0004 /* ShaderListView.swift in Sources */ = {isa = PBXBuildFile; fileRef = 0A000008291F0001000A0004 /* ShaderListView.swift */; };
		0A000009291F0001000A0005 /* ShaderCustomizeView.swift in Sources */ = {isa = PBXBuildFile; fileRef = 0A00000A291F0001000A0005 /* ShaderCustomizeView.swift */; };
		0A00000B291F0001000A0006 /* ShaderCodeEditorView.swift in Sources */ = {isa = PBXBuildFile; fileRef = 0A00000C291F0001000A0006 /* ShaderCodeEditorView.swift */; };
		0A00000D291F0001000A0007 /* NewShaderView.swift in Sources */ = {isa = PBXBuildFile; fileRef = 0A00000E291F0001000A0007 /* NewShaderView.swift */; };
		0A00000F291F0001000A0008 /* ShaderCategory.swift in Sources */ = {isa = PBXBuildFile; fileRef = 0A000010291F0001000A0008 /* ShaderCategory.swift */; };
		0A000011291F0001000A0009 /* ShaderEntity.swift in Sources */ = {isa = PBXBuildFile; fileRef = 0A000012291F0001000A0009 /* ShaderEntity.swift */; };
		0A000013291F0001000A0010 /* ShaderDataManager.swift in Sources */ = {isa = PBXBuildFile; fileRef = 0A000014291F0001000A0010 /* ShaderDataManager.swift */; };
		0A000015291F0001000A0011 /* BuiltInShaderLoader.swift in Sources */ = {isa = PBXBuildFile; fileRef = 0A000016291F0001000A0011 /* BuiltInShaderLoader.swift */; };
		0A000017291F0001000A0012 /* ShaderCodes_Part1.swift in Sources */ = {isa = PBXBuildFile; fileRef = 0A000018291F0001000A0012 /* ShaderCodes_Part1.swift */; };
		0A000019291F0001000A0013 /* ShaderCodes_Part2.swift in Sources */ = {isa = PBXBuildFile; fileRef = 0A00001A291F0001000A0013 /* ShaderCodes_Part2.swift */; };
		0A00001B291F0001000A0014 /* ShaderCodes_Part3.swift in Sources */ = {isa = PBXBuildFile; fileRef = 0A00001C291F0001000A0014 /* ShaderCodes_Part3.swift */; };
		0A00001D291F0001000A0015 /* ShaderCodes_Part4.swift in Sources */ = {isa = PBXBuildFile; fileRef = 0A00001E291F0001000A0015 /* ShaderCodes_Part4.swift */; };
		0A00001F291F0001000A0016 /* ShaderCodes_Part5.swift in Sources */ = {isa = PBXBuildFile; fileRef = 0A000020291F0001000A0016 /* ShaderCodes_Part5.swift */; };
		0A000021291F0001000A0017 /* Color+Hex.swift in Sources */ = {isa = PBXBuildFile; fileRef = 0A000022291F0001000A0017 /* Color+Hex.swift */; };
		0A000023291F0001000A0018 /* Assets.xcassets in Resources */ = {isa = PBXBuildFile; fileRef = 0A000024291F0001000A0018 /* Assets.xcassets */; };
		58C556552F04FF4B0094CB27 /* AIShaderService.swift in Sources */ = {isa = PBXBuildFile; fileRef = 58C556542F04FF4B0094CB27 /* AIShaderService.swift */; };
		58C556572F050DF90094CB27 /* ShaderCodes_Parametric.swift in Sources */ = {isa = PBXBuildFile; fileRef = 58C556562F050DF80094CB27 /* ShaderCodes_Parametric.swift */; };
		58C556592F050E200094CB27 /* ShaderParameter.swift in Sources */ = {isa = PBXBuildFile; fileRef = 58C556582F050E200094CB27 /* ShaderParameter.swift */; };
		58C5565D2F0524870094CB27 /* ParameterAutomation.swift in Sources */ = {isa = PBXBuildFile; fileRef = 58C5565C2F0524870094CB27 /* ParameterAutomation.swift */; };
		58C5565F2F0536C80094CB27 /* ShaderParametersView.swift in Sources */ = {isa = PBXBuildFile; fileRef = 58C5565E2F0536C80094CB27 /* ShaderParametersView.swift */; };
		58C556612F0536EC0094CB27 /* ShaderSettingsView.swift in Sources */ = {isa = PBXBuildFile; fileRef = 58C556602F0536EC0094CB27 /* ShaderSettingsView.swift */; };
		58C5620A2F0F38940094CB27 /* ShaderSyncService.swift in Sources */ = {isa = PBXBuildFile; fileRef = 58C562082F0F38940094CB27 /* ShaderSyncService.swift */; };
		58C5620B2F0F38940094CB27 /* ShaderSyncModels.swift in Sources */ = {isa = PBXBuildFile; fileRef = 58C562072F0F38940094CB27 /* ShaderSyncModels.swift */; };
		58C562132F129D570094CB27 /* ShaderFolder.swift in Sources */ = {isa = PBXBuildFile; fileRef = 58C562122F129D570094CB27 /* ShaderFolder.swift */; };
		58C562152F129D9B0094CB27 /* ShaderGridMainView.swift in Sources */ = {isa = PBXBuildFile; fileRef = 58C562142F129D9B0094CB27 /* ShaderGridMainView.swift */; };
		58C562172F129DD80094CB27 /* FolderCategoryPanel.swift in Sources */ = {isa = PBXBuildFile; fileRef = 58C562162F129DD80094CB27 /* FolderCategoryPanel.swift */; };
		58C562192F129E040094CB27 /* ViewMode.swift in Sources */ = {isa = PBXBuildFile; fileRef = 58C562182F129E040094CB27 /* ViewMode.swift */; };
		58C5621B2F12B4E90094CB27 /* PortraitBottomPanel.swift in Sources */ = {isa = PBXBuildFile; fileRef = 58C5621A2F12B4E90094CB27 /* PortraitBottomPanel.swift */; };
/* End PBXBuildFile section */

/* Begin PBXFileReference section */
		0A000000291F0001000A0001 /* LM_GLSL.app */ = {isa = PBXFileReference; explicitFileType = wrapper.application; includeInIndex = 0; path = LM_GLSL.app; sourceTree = BUILT_PRODUCTS_DIR; };
		0A000002291F0001000A0001 /* LM_GLSLApp.swift */ = {isa = PBXFileReference; lastKnownFileType = sourcecode.swift; path = LM_GLSLApp.swift; sourceTree = "<group>"; };
		0A000004291F0001000A0002 /* ContentView.swift */ = {isa = PBXFileReference; lastKnownFileType = sourcecode.swift; path = ContentView.swift; sourceTree = "<group>"; };
		0A000006291F0001000A0003 /* ShaderPreviewView.swift */ = {isa = PBXFileReference; lastKnownFileType = sourcecode.swift; path = ShaderPreviewView.swift; sourceTree = "<group>"; };
		0A000008291F0001000A0004 /* ShaderListView.swift */ = {isa = PBXFileReference; lastKnownFileType = sourcecode.swift; path = ShaderListView.swift; sourceTree = "<group>"; };
		0A00000A291F0001000A0005 /* ShaderCustomizeView.swift */ = {isa = PBXFileReference; lastKnownFileType = sourcecode.swift; path = ShaderCustomizeView.swift; sourceTree = "<group>"; };
		0A00000C291F0001000A0006 /* ShaderCodeEditorView.swift */ = {isa = PBXFileReference; lastKnownFileType = sourcecode.swift; path = ShaderCodeEditorView.swift; sourceTree = "<group>"; };
		0A00000E291F0001000A0007 /* NewShaderView.swift */ = {isa = PBXFileReference; lastKnownFileType = sourcecode.swift; path = NewShaderView.swift; sourceTree = "<group>"; };
		0A000010291F0001000A0008 /* ShaderCategory.swift */ = {isa = PBXFileReference; lastKnownFileType = sourcecode.swift; path = ShaderCategory.swift; sourceTree = "<group>"; };
		0A000012291F0001000A0009 /* ShaderEntity.swift */ = {isa = PBXFileReference; lastKnownFileType = sourcecode.swift; path = ShaderEntity.swift; sourceTree = "<group>"; };
		0A000014291F0001000A0010 /* ShaderDataManager.swift */ = {isa = PBXFileReference; lastKnownFileType = sourcecode.swift; path = ShaderDataManager.swift; sourceTree = "<group>"; };
		0A000016291F0001000A0011 /* BuiltInShaderLoader.swift */ = {isa = PBXFileReference; lastKnownFileType = sourcecode.swift; path = BuiltInShaderLoader.swift; sourceTree = "<group>"; };
		0A000018291F0001000A0012 /* ShaderCodes_Part1.swift */ = {isa = PBXFileReference; lastKnownFileType = sourcecode.swift; path = ShaderCodes_Part1.swift; sourceTree = "<group>"; };
		0A00001A291F0001000A0013 /* ShaderCodes_Part2.swift */ = {isa = PBXFileReference; lastKnownFileType = sourcecode.swift; path = ShaderCodes_Part2.swift; sourceTree = "<group>"; };
		0A00001C291F0001000A0014 /* ShaderCodes_Part3.swift */ = {isa = PBXFileReference; lastKnownFileType = sourcecode.swift; path = ShaderCodes_Part3.swift; sourceTree = "<group>"; };
		0A00001E291F0001000A0015 /* ShaderCodes_Part4.swift */ = {isa = PBXFileReference; lastKnownFileType = sourcecode.swift; path = ShaderCodes_Part4.swift; sourceTree = "<group>"; };
		0A000020291F0001000A0016 /* ShaderCodes_Part5.swift */ = {isa = PBXFileReference; lastKnownFileType = sourcecode.swift; path = ShaderCodes_Part5.swift; sourceTree = "<group>"; };
		0A000022291F0001000A0017 /* Color+Hex.swift */ = {isa = PBXFileReference; lastKnownFileType = sourcecode.swift; path = "Color+Hex.swift"; sourceTree = "<group>"; };
		0A000024291F0001000A0018 /* Assets.xcassets */ = {isa = PBXFileReference; lastKnownFileType = folder.assetcatalog; path = Assets.xcassets; sourceTree = "<group>"; };
		58C556542F04FF4B0094CB27 /* AIShaderService.swift */ = {isa = PBXFileReference; lastKnownFileType = sourcecode.swift; path = AIShaderService.swift; sourceTree = "<group>"; };
		58C556562F050DF80094CB27 /* ShaderCodes_Parametric.swift */ = {isa = PBXFileReference; lastKnownFileType = sourcecode.swift; path = ShaderCodes_Parametric.swift; sourceTree = "<group>"; };
		58C556582F050E200094CB27 /* ShaderParameter.swift */ = {isa = PBXFileReference; lastKnownFileType = sourcecode.swift; path = ShaderParameter.swift; sourceTree = "<group>"; };
		58C5565C2F0524870094CB27 /* ParameterAutomation.swift */ = {isa = PBXFileReference; lastKnownFileType = sourcecode.swift; path = ParameterAutomation.swift; sourceTree = "<group>"; };
		58C5565E2F0536C80094CB27 /* ShaderParametersView.swift */ = {isa = PBXFileReference; lastKnownFileType = sourcecode.swift; path = ShaderParametersView.swift; sourceTree = "<group>"; };
		58C556602F0536EC0094CB27 /* ShaderSettingsView.swift */ = {isa = PBXFileReference; lastKnownFileType = sourcecode.swift; path = ShaderSettingsView.swift; sourceTree = "<group>"; };
		58C562072F0F38940094CB27 /* ShaderSyncModels.swift */ = {isa = PBXFileReference; lastKnownFileType = sourcecode.swift; path = ShaderSyncModels.swift; sourceTree = "<group>"; };
		58C562082F0F38940094CB27 /* ShaderSyncService.swift */ = {isa = PBXFileReference; lastKnownFileType = sourcecode.swift; path = ShaderSyncService.swift; sourceTree = "<group>"; };
		58C562122F129D570094CB27 /* ShaderFolder.swift */ = {isa = PBXFileReference; lastKnownFileType = sourcecode.swift; path = ShaderFolder.swift; sourceTree = "<group>"; };
		58C562142F129D9B0094CB27 /* ShaderGridMainView.swift */ = {isa = PBXFileReference; lastKnownFileType = sourcecode.swift; path = ShaderGridMainView.swift; sourceTree = "<group>"; };
		58C562162F129DD80094CB27 /* FolderCategoryPanel.swift */ = {isa = PBXFileReference; lastKnownFileType = sourcecode.swift; path = FolderCategoryPanel.swift; sourceTree = "<group>"; };
		58C562182F129E040094CB27 /* ViewMode.swift */ = {isa = PBXFileReference; lastKnownFileType = sourcecode.swift; path = ViewMode.swift; sourceTree = "<group>"; };
		58C5621A2F12B4E90094CB27 /* PortraitBottomPanel.swift */ = {isa = PBXFileReference; lastKnownFileType = sourcecode.swift; path = PortraitBottomPanel.swift; sourceTree = "<group>"; };
/* End PBXFileReference section */

/* Begin PBXFrameworksBuildPhase section */
		0A0000FD291F0001000A0001 /* Frameworks */ = {
			isa = PBXFrameworksBuildPhase;
			buildActionMask = 2147483647;
			files = (
			);
			runOnlyForDeploymentPostprocessing = 0;
		};
/* End PBXFrameworksBuildPhase section */

/* Begin PBXGroup section */
		0A0000F7291F0001000A0001 = {
			isa = PBXGroup;
			children = (
				0A0000F8291F0001000A0001 /* LM_GLSL */,
				0A0000FF291F0001000A0001 /* Products */,
			);
			sourceTree = "<group>";
		};
		0A0000F8291F0001000A0001 /* LM_GLSL */ = {
			isa = PBXGroup;
			children = (
				0A000002291F0001000A0001 /* LM_GLSLApp.swift */,
				0A0000F9291F0001000A0001 /* Views */,
				0A0000FA291F0001000A0001 /* Models */,
				0A0000FB291F0001000A0001 /* Shaders */,
				0A0000FC291F0001000A0001 /* Extensions */,
				0A000024291F0001000A0018 /* Assets.xcassets */,
				58C562092F0F38940094CB27 /* Sync */,
			);
			path = LM_GLSL;
			sourceTree = "<group>";
		};
		0A0000F9291F0001000A0001 /* Views */ = {
			isa = PBXGroup;
			children = (
				58C556602F0536EC0094CB27 /* ShaderSettingsView.swift */,
				58C5565E2F0536C80094CB27 /* ShaderParametersView.swift */,
				0A000004291F0001000A0002 /* ContentView.swift */,
				0A000006291F0001000A0003 /* ShaderPreviewView.swift */,
				0A000008291F0001000A0004 /* ShaderListView.swift */,
				0A00000A291F0001000A0005 /* ShaderCustomizeView.swift */,
				0A00000C291F0001000A0006 /* ShaderCodeEditorView.swift */,
				0A00000E291F0001000A0007 /* NewShaderView.swift */,
				58C562142F129D9B0094CB27 /* ShaderGridMainView.swift */,
				58C562162F129DD80094CB27 /* FolderCategoryPanel.swift */,
				58C5621A2F12B4E90094CB27 /* PortraitBottomPanel.swift */,
			);
			path = Views;
			sourceTree = "<group>";
		};
		0A0000FA291F0001000A0001 /* Models */ = {
			isa = PBXGroup;
			children = (
				58C556582F050E200094CB27 /* ShaderParameter.swift */,
				58C556542F04FF4B0094CB27 /* AIShaderService.swift */,
				0A000010291F0001000A0008 /* ShaderCategory.swift */,
				0A000012291F0001000A0009 /* ShaderEntity.swift */,
				0A000014291F0001000A0010 /* ShaderDataManager.swift */,
				0A000016291F0001000A0011 /* BuiltInShaderLoader.swift */,
				58C5565C2F0524870094CB27 /* ParameterAutomation.swift */,
				58C562122F129D570094CB27 /* ShaderFolder.swift */,
				58C562182F129E040094CB27 /* ViewMode.swift */,
			);
			path = Models;
			sourceTree = "<group>";
		};
		0A0000FB291F0001000A0001 /* Shaders */ = {
			isa = PBXGroup;
			children = (
				0A000018291F0001000A0012 /* ShaderCodes_Part1.swift */,
				0A00001A291F0001000A0013 /* ShaderCodes_Part2.swift */,
				0A00001C291F0001000A0014 /* ShaderCodes_Part3.swift */,
				0A00001E291F0001000A0015 /* ShaderCodes_Part4.swift */,
				0A000020291F0001000A0016 /* ShaderCodes_Part5.swift */,
				58C556562F050DF80094CB27 /* ShaderCodes_Parametric.swift */,
			);
			path = Shaders;
			sourceTree = "<group>";
		};
		0A0000FC291F0001000A0001 /* Extensions */ = {
			isa = PBXGroup;
			children = (
				0A000022291F0001000A0017 /* Color+Hex.swift */,
			);
			path = Extensions;
			sourceTree = "<group>";
		};
		0A0000FF291F0001000A0001 /* Products */ = {
			isa = PBXGroup;
			children = (
				0A000000291F0001000A0001 /* LM_GLSL.app */,
			);
			name = Products;
			sourceTree = "<group>";
		};
		58C562092F0F38940094CB27 /* Sync */ = {
			isa = PBXGroup;
			children = (
				58C562072F0F38940094CB27 /* ShaderSyncModels.swift */,
				58C562082F0F38940094CB27 /* ShaderSyncService.swift */,
			);
			path = Sync;
			sourceTree = "<group>";
		};
/* End PBXGroup section */

/* Begin PBXNativeTarget section */
		0A0000FC291F0001000AFFFE /* LM_GLSL */ = {
			isa = PBXNativeTarget;
			buildConfigurationList = 0A000100291F0001000A0001 /* Build configuration list for PBXNativeTarget "LM_GLSL" */;
			buildPhases = (
				0A0000FE291F0001000A0001 /* Sources */,
				0A0000FD291F0001000A0001 /* Frameworks */,
				0A000101291F0001000A0001 /* Resources */,
			);
			buildRules = (
			);
			dependencies = (
			);
			name = LM_GLSL;
			productName = LM_GLSL;
			productReference = 0A000000291F0001000A0001 /* LM_GLSL.app */;
			productType = "com.apple.product-type.application";
		};
/* End PBXNativeTarget section */

/* Begin PBXProject section */
		0A0000F6291F0001000A0001 /* Project object */ = {
			isa = PBXProject;
			attributes = {
				BuildIndependentTargetsInParallel = 1;
				LastSwiftUpdateCheck = 1500;
				LastUpgradeCheck = 1500;
				TargetAttributes = {
					0A0000FC291F0001000AFFFE = {
						CreatedOnToolsVersion = 15.0;
					};
				};
			};
			buildConfigurationList = 0A000102291F0001000A0001 /* Build configuration list for PBXProject "LM_GLSL" */;
			compatibilityVersion = "Xcode 14.0";
			developmentRegion = en;
			hasScannedForEncodings = 0;
			knownRegions = (
				en,
				Base,
			);
			mainGroup = 0A0000F7291F0001000A0001;
			productRefGroup = 0A0000FF291F0001000A0001 /* Products */;
			projectDirPath = "";
			projectRoot = "";
			targets = (
				0A0000FC291F0001000AFFFE /* LM_GLSL */,
			);
		};
/* End PBXProject section */

/* Begin PBXResourcesBuildPhase section */
		0A000101291F0001000A0001 /* Resources */ = {
			isa = PBXResourcesBuildPhase;
			buildActionMask = 2147483647;
			files = (
				0A000023291F0001000A0018 /* Assets.xcassets in Resources */,
			);
			runOnlyForDeploymentPostprocessing = 0;
		};
/* End PBXResourcesBuildPhase section */

/* Begin PBXSourcesBuildPhase section */
		0A0000FE291F0001000A0001 /* Sources */ = {
			isa = PBXSourcesBuildPhase;
			buildActionMask = 2147483647;
			files = (
				58C5620A2F0F38940094CB27 /* ShaderSyncService.swift in Sources */,
				58C562152F129D9B0094CB27 /* ShaderGridMainView.swift in Sources */,
				58C5620B2F0F38940094CB27 /* ShaderSyncModels.swift in Sources */,
				0A000001291F0001000A0001 /* LM_GLSLApp.swift in Sources */,
				0A000003291F0001000A0002 /* ContentView.swift in Sources */,
				58C556572F050DF90094CB27 /* ShaderCodes_Parametric.swift in Sources */,
				58C556552F04FF4B0094CB27 /* AIShaderService.swift in Sources */,
				0A000005291F0001000A0003 /* ShaderPreviewView.swift in Sources */,
				0A000007291F0001000A0004 /* ShaderListView.swift in Sources */,
				0A000009291F0001000A0005 /* ShaderCustomizeView.swift in Sources */,
				0A00000B291F0001000A0006 /* ShaderCodeEditorView.swift in Sources */,
				58C556612F0536EC0094CB27 /* ShaderSettingsView.swift in Sources */,
				0A00000D291F0001000A0007 /* NewShaderView.swift in Sources */,
				0A00000F291F0001000A0008 /* ShaderCategory.swift in Sources */,
				58C562192F129E040094CB27 /* ViewMode.swift in Sources */,
				58C5565D2F0524870094CB27 /* ParameterAutomation.swift in Sources */,
				58C5565F2F0536C80094CB27 /* ShaderParametersView.swift in Sources */,
				0A000011291F0001000A0009 /* ShaderEntity.swift in Sources */,
				0A000013291F0001000A0010 /* ShaderDataManager.swift in Sources */,
				58C562172F129DD80094CB27 /* FolderCategoryPanel.swift in Sources */,
				58C556592F050E200094CB27 /* ShaderParameter.swift in Sources */,
				58C562132F129D570094CB27 /* ShaderFolder.swift in Sources */,
				0A000015291F0001000A0011 /* BuiltInShaderLoader.swift in Sources */,
				0A000017291F0001000A0012 /* ShaderCodes_Part1.swift in Sources */,
				0A000019291F0001000A0013 /* ShaderCodes_Part2.swift in Sources */,
				0A00001B291F0001000A0014 /* ShaderCodes_Part3.swift in Sources */,
				58C5621B2F12B4E90094CB27 /* PortraitBottomPanel.swift in Sources */,
				0A00001D291F0001000A0015 /* ShaderCodes_Part4.swift in Sources */,
				0A00001F291F0001000A0016 /* ShaderCodes_Part5.swift in Sources */,
				0A000021291F0001000A0017 /* Color+Hex.swift in Sources */,
			);
			runOnlyForDeploymentPostprocessing = 0;
		};
/* End PBXSourcesBuildPhase section */

/* Begin XCBuildConfiguration section */
		0A000103291F0001000A0001 /* Debug */ = {
			isa = XCBuildConfiguration;
			buildSettings = {
				ALWAYS_SEARCH_USER_PATHS = NO;
				ASSETCATALOG_COMPILER_GENERATE_SWIFT_ASSET_SYMBOL_EXTENSIONS = YES;
				CLANG_ANALYZER_NONNULL = YES;
				CLANG_ANALYZER_NUMBER_OBJECT_CONVERSION = YES_AGGRESSIVE;
				CLANG_CXX_LANGUAGE_STANDARD = "gnu++20";
				CLANG_ENABLE_MODULES = YES;
				CLANG_ENABLE_OBJC_ARC = YES;
				CLANG_ENABLE_OBJC_WEAK = YES;
				CLANG_WARN_BLOCK_CAPTURE_AUTORELEASING = YES;
				CLANG_WARN_BOOL_CONVERSION = YES;
				CLANG_WARN_COMMA = YES;
				CLANG_WARN_CONSTANT_CONVERSION = YES;
				CLANG_WARN_DEPRECATED_OBJC_IMPLEMENTATIONS = YES;
				CLANG_WARN_DIRECT_OBJC_ISA_USAGE = YES_ERROR;
				CLANG_WARN_DOCUMENTATION_COMMENTS = YES;
				CLANG_WARN_EMPTY_BODY = YES;
				CLANG_WARN_ENUM_CONVERSION = YES;
				CLANG_WARN_INFINITE_RECURSION = YES;
				CLANG_WARN_INT_CONVERSION = YES;
				CLANG_WARN_NON_LITERAL_NULL_CONVERSION = YES;
				CLANG_WARN_OBJC_IMPLICIT_RETAIN_SELF = YES;
				CLANG_WARN_OBJC_LITERAL_CONVERSION = YES;
				CLANG_WARN_OBJC_ROOT_CLASS = YES_ERROR;
				CLANG_WARN_QUOTED_INCLUDE_IN_FRAMEWORK_HEADER = YES;
				CLANG_WARN_RANGE_LOOP_ANALYSIS = YES;
				CLANG_WARN_STRICT_PROTOTYPES = YES;
				CLANG_WARN_SUSPICIOUS_MOVE = YES;
				CLANG_WARN_UNGUARDED_AVAILABILITY = YES_AGGRESSIVE;
				CLANG_WARN_UNREACHABLE_CODE = YES;
				CLANG_WARN__DUPLICATE_METHOD_MATCH = YES;
				COPY_PHASE_STRIP = NO;
				DEBUG_INFORMATION_FORMAT = dwarf;
				ENABLE_STRICT_OBJC_MSGSEND = YES;
				ENABLE_TESTABILITY = YES;
				ENABLE_USER_SCRIPT_SANDBOXING = YES;
				GCC_C_LANGUAGE_STANDARD = gnu17;
				GCC_DYNAMIC_NO_PIC = NO;
				GCC_NO_COMMON_BLOCKS = YES;
				GCC_OPTIMIZATION_LEVEL = 0;
				GCC_PREPROCESSOR_DEFINITIONS = (
					"DEBUG=1",
					"$(inherited)",
				);
				GCC_WARN_64_TO_32_BIT_CONVERSION = YES;
				GCC_WARN_ABOUT_RETURN_TYPE = YES_ERROR;
				GCC_WARN_UNDECLARED_SELECTOR = YES;
				GCC_WARN_UNINITIALIZED_AUTOS = YES_AGGRESSIVE;
				GCC_WARN_UNUSED_FUNCTION = YES;
				GCC_WARN_UNUSED_VARIABLE = YES;
				IPHONEOS_DEPLOYMENT_TARGET = 17.0;
				LOCALIZATION_PREFERS_STRING_CATALOGS = YES;
				MTL_ENABLE_DEBUG_INFO = INCLUDE_SOURCE;
				MTL_FAST_MATH = YES;
				ONLY_ACTIVE_ARCH = YES;
				SDKROOT = iphoneos;
				SWIFT_ACTIVE_COMPILATION_CONDITIONS = "DEBUG $(inherited)";
				SWIFT_OPTIMIZATION_LEVEL = "-Onone";
			};
			name = Debug;
		};
		0A000104291F0001000A0001 /* Release */ = {
			isa = XCBuildConfiguration;
			buildSettings = {
				ALWAYS_SEARCH_USER_PATHS = NO;
				ASSETCATALOG_COMPILER_GENERATE_SWIFT_ASSET_SYMBOL_EXTENSIONS = YES;
				CLANG_ANALYZER_NONNULL = YES;
				CLANG_ANALYZER_NUMBER_OBJECT_CONVERSION = YES_AGGRESSIVE;
				CLANG_CXX_LANGUAGE_STANDARD = "gnu++20";
				CLANG_ENABLE_MODULES = YES;
				CLANG_ENABLE_OBJC_ARC = YES;
				CLANG_ENABLE_OBJC_WEAK = YES;
				CLANG_WARN_BLOCK_CAPTURE_AUTORELEASING = YES;
				CLANG_WARN_BOOL_CONVERSION = YES;
				CLANG_WARN_COMMA = YES;
				CLANG_WARN_CONSTANT_CONVERSION = YES;
				CLANG_WARN_DEPRECATED_OBJC_IMPLEMENTATIONS = YES;
				CLANG_WARN_DIRECT_OBJC_ISA_USAGE = YES_ERROR;
				CLANG_WARN_DOCUMENTATION_COMMENTS = YES;
				CLANG_WARN_EMPTY_BODY = YES;
				CLANG_WARN_ENUM_CONVERSION = YES;
				CLANG_WARN_INFINITE_RECURSION = YES;
				CLANG_WARN_INT_CONVERSION = YES;
				CLANG_WARN_NON_LITERAL_NULL_CONVERSION = YES;
				CLANG_WARN_OBJC_IMPLICIT_RETAIN_SELF = YES;
				CLANG_WARN_OBJC_LITERAL_CONVERSION = YES;
				CLANG_WARN_OBJC_ROOT_CLASS = YES_ERROR;
				CLANG_WARN_QUOTED_INCLUDE_IN_FRAMEWORK_HEADER = YES;
				CLANG_WARN_RANGE_LOOP_ANALYSIS = YES;
				CLANG_WARN_STRICT_PROTOTYPES = YES;
				CLANG_WARN_SUSPICIOUS_MOVE = YES;
				CLANG_WARN_UNGUARDED_AVAILABILITY = YES_AGGRESSIVE;
				CLANG_WARN_UNREACHABLE_CODE = YES;
				CLANG_WARN__DUPLICATE_METHOD_MATCH = YES;
				COPY_PHASE_STRIP = NO;
				DEBUG_INFORMATION_FORMAT = "dwarf-with-dsym";
				ENABLE_NS_ASSERTIONS = NO;
				ENABLE_STRICT_OBJC_MSGSEND = YES;
				ENABLE_USER_SCRIPT_SANDBOXING = YES;
				GCC_C_LANGUAGE_STANDARD = gnu17;
				GCC_NO_COMMON_BLOCKS = YES;
				GCC_WARN_64_TO_32_BIT_CONVERSION = YES;
				GCC_WARN_ABOUT_RETURN_TYPE = YES_ERROR;
				GCC_WARN_UNDECLARED_SELECTOR = YES;
				GCC_WARN_UNINITIALIZED_AUTOS = YES_AGGRESSIVE;
				GCC_WARN_UNUSED_FUNCTION = YES;
				GCC_WARN_UNUSED_VARIABLE = YES;
				IPHONEOS_DEPLOYMENT_TARGET = 17.0;
				LOCALIZATION_PREFERS_STRING_CATALOGS = YES;
				MTL_ENABLE_DEBUG_INFO = NO;
				MTL_FAST_MATH = YES;
				SDKROOT = iphoneos;
				SWIFT_COMPILATION_MODE = wholemodule;
				VALIDATE_PRODUCT = YES;
			};
			name = Release;
		};
		0A000105291F0001000A0001 /* Debug */ = {
			isa = XCBuildConfiguration;
			buildSettings = {
				ASSETCATALOG_COMPILER_APPICON_NAME = AppIcon;
				ASSETCATALOG_COMPILER_GLOBAL_ACCENT_COLOR_NAME = AccentColor;
				CODE_SIGN_STYLE = Automatic;
				CURRENT_PROJECT_VERSION = 1;
				DEVELOPMENT_TEAM = U9759WPUN5;
				GENERATE_INFOPLIST_FILE = NO;
				INFOPLIST_FILE = LM_GLSL/Info.plist;
				INFOPLIST_KEY_UIApplicationSupportsIndirectInputEvents = YES;
				INFOPLIST_KEY_UILaunchScreen_Generation = YES;
				LD_RUNPATH_SEARCH_PATHS = (
					"$(inherited)",
					"@executable_path/Frameworks",
				);
				MARKETING_VERSION = 1.0;
				PRODUCT_BUNDLE_IDENTIFIER = com.mobile.layermapper.glsl;
				PRODUCT_NAME = "$(TARGET_NAME)";
				SUPPORTED_PLATFORMS = "iphoneos iphonesimulator";
				SUPPORTS_MACCATALYST = NO;
				SWIFT_EMIT_LOC_STRINGS = YES;
				SWIFT_VERSION = 5.0;
				TARGETED_DEVICE_FAMILY = "1,2";
			};
			name = Debug;
		};
		0A000106291F0001000A0001 /* Release */ = {
			isa = XCBuildConfiguration;
			buildSettings = {
				ASSETCATALOG_COMPILER_APPICON_NAME = AppIcon;
				ASSETCATALOG_COMPILER_GLOBAL_ACCENT_COLOR_NAME = AccentColor;
				CODE_SIGN_STYLE = Automatic;
				CURRENT_PROJECT_VERSION = 1;
				DEVELOPMENT_TEAM = U9759WPUN5;
				GENERATE_INFOPLIST_FILE = NO;
				INFOPLIST_FILE = LM_GLSL/Info.plist;
				INFOPLIST_KEY_UIApplicationSupportsIndirectInputEvents = YES;
				INFOPLIST_KEY_UILaunchScreen_Generation = YES;
				LD_RUNPATH_SEARCH_PATHS = (
					"$(inherited)",
					"@executable_path/Frameworks",
				);
				MARKETING_VERSION = 1.0;
				PRODUCT_BUNDLE_IDENTIFIER = com.mobile.layermapper.glsl;
				PRODUCT_NAME = "$(TARGET_NAME)";
				SUPPORTED_PLATFORMS = "iphoneos iphonesimulator";
				SUPPORTS_MACCATALYST = NO;
				SWIFT_EMIT_LOC_STRINGS = YES;
				SWIFT_VERSION = 5.0;
				TARGETED_DEVICE_FAMILY = "1,2";
			};
			name = Release;
		};
/* End XCBuildConfiguration section */

/* Begin XCConfigurationList section */
		0A000100291F0001000A0001 /* Build configuration list for PBXNativeTarget "LM_GLSL" */ = {
			isa = XCConfigurationList;
			buildConfigurations = (
				0A000105291F0001000A0001 /* Debug */,
				0A000106291F0001000A0001 /* Release */,
			);
			defaultConfigurationIsVisible = 0;
			defaultConfigurationName = Release;
		};
		0A000102291F0001000A0001 /* Build configuration list for PBXProject "LM_GLSL" */ = {
			isa = XCConfigurationList;
			buildConfigurations = (
				0A000103291F0001000A0001 /* Debug */,
				0A000104291F0001000A0001 /* Release */,
			);
			defaultConfigurationIsVisible = 0;
			defaultConfigurationName = Release;
		};
/* End XCConfigurationList section */
	};
	rootObject = 0A0000F6291F0001000A0001 /* Project object */;
}
